
Microsoft Visual Studio Solution File, Format Version 12.00
# Visual Studio 15
Project("{FAE04EC0-301F-11D3-BF4B-00C04F79EFBC}") = "Assembly-CSharp", "Assembly-CSharp.csproj", "{FD90B0BE-735C-C33D-18AB-16E5BB010F24}"
EndProject
Project("{FAE04EC0-301F-11D3-BF4B-00C04F79EFBC}") = "Assembly-CSharp-Editor", "Assembly-CSharp-Editor.csproj", "{475BF705-681D-A464-D1E1-703D455B2071}"
EndProject
Global
	GlobalSection(SolutionConfigurationPlatforms) = preSolution
		Debug|Any CPU = Debug|Any CPU
		Release|Any CPU = Release|Any CPU
	EndGlobalSection
	GlobalSection(ProjectConfigurationPlatforms) = postSolution
		{FD90B0BE-735C-C33D-18AB-16E5BB010F24}.Debug|Any CPU.ActiveCfg = Debug|Any CPU
		{FD90B0BE-735C-C33D-18AB-16E5BB010F24}.Debug|Any CPU.Build.0 = Debug|Any CPU
		{FD90B0BE-735C-C33D-18AB-16E5BB010F24}.Release|Any CPU.ActiveCfg = Release|Any CPU
		{FD90B0BE-735C-C33D-18AB-16E5BB010F24}.Release|Any CPU.Build.0 = Release|Any CPU
		{475BF705-681D-A464-D1E1-703D455B2071}.Debug|Any CPU.ActiveCfg = Debug|Any CPU
		{475BF705-681D-A464-D1E1-703D455B2071}.Debug|Any CPU.Build.0 = Debug|Any CPU
		{475BF705-681D-A464-D1E1-703D455B2071}.Release|Any CPU.ActiveCfg = Release|Any CPU
		{475BF705-681D-A464-D1E1-703D455B2071}.Release|Any CPU.Build.0 = Release|Any CPU
	EndGlobalSection
	GlobalSection(SolutionProperties) = preSolution
		HideSolutionNode = FALSE
	EndGlobalSection
EndGlobal
